
Microsoft Visual Studio Solution File, Format Version 12.00
# Visual Studio Version 16
VisualStudioVersion = 16.0.29324.140
MinimumVisualStudioVersion = 10.0.40219.1
Project("{9A19103F-16F7-4668-BE54-9A1E7A4F7556}") = "Libs", "Libs\Libs.csproj", "{AC923339-2CC2-4A28-ADFF-AD1821B35793}"
EndProject
Project("{9A19103F-16F7-4668-BE54-9A1E7A4F7556}") = "Libs.Tests", "Libs.Tests\Libs.Tests.csproj", "{AE9BF0E9-657A-4002-8E0F-2B0AE32CD23F}"
EndProject
Global
	GlobalSection(SolutionConfigurationPlatforms) = preSolution
		Debug|Any CPU = Debug|Any CPU
		Release|Any CPU = Release|Any CPU
	EndGlobalSection
	GlobalSection(ProjectConfigurationPlatforms) = postSolution
		{AC923339-2CC2-4A28-ADFF-AD1821B35793}.Debug|Any CPU.ActiveCfg = Debug|Any CPU
		{AC923339-2CC2-4A28-ADFF-AD1821B35793}.Debug|Any CPU.Build.0 = Debug|Any CPU
		{AC923339-2CC2-4A28-ADFF-AD1821B35793}.Release|Any CPU.ActiveCfg = Release|Any CPU
		{AC923339-2CC2-4A28-ADFF-AD1821B35793}.Release|Any CPU.Build.0 = Release|Any CPU
		{AE9BF0E9-657A-4002-8E0F-2B0AE32CD23F}.Debug|Any CPU.ActiveCfg = Debug|Any CPU
		{AE9BF0E9-657A-4002-8E0F-2B0AE32CD23F}.Debug|Any CPU.Build.0 = Debug|Any CPU
		{AE9BF0E9-657A-4002-8E0F-2B0AE32CD23F}.Release|Any CPU.ActiveCfg = Release|Any CPU
		{AE9BF0E9-657A-4002-8E0F-2B0AE32CD23F}.Release|Any CPU.Build.0 = Release|Any CPU
	EndGlobalSection
	GlobalSection(SolutionProperties) = preSolution
		HideSolutionNode = FALSE
	EndGlobalSection
	GlobalSection(ExtensibilityGlobals) = postSolution
		SolutionGuid = {17EEE2D3-02D4-4569-A5AE-297BD004B030}
	EndGlobalSection
EndGlobal
